
Microsoft Visual Studio Solution File, Format Version 12.00
# Visual Studio 15
VisualStudioVersion = 15.0.27004.2005
MinimumVisualStudioVersion = 10.0.40219.1
Project("{FAE04EC0-301F-11D3-BF4B-00C04F79EFBC}") = "TicTacToe", "TicTacToe\TicTacToe.csproj", "{F7F896CE-EFD0-469E-9E66-8CCC38545710}"
EndProject
Global
	GlobalSection(SolutionConfigurationPlatforms) = preSolution
		Debug|Any CPU = Debug|Any CPU
		Release|Any CPU = Release|Any CPU
	EndGlobalSection
	GlobalSection(ProjectConfigurationPlatforms) = postSolution
		{F7F896CE-EFD0-469E-9E66-8CCC38545710}.Debug|Any CPU.ActiveCfg = Debug|Any CPU
		{F7F896CE-EFD0-469E-9E66-8CCC38545710}.Debug|Any CPU.Build.0 = Debug|Any CPU
		{F7F896CE-EFD0-469E-9E66-8CCC38545710}.Release|Any CPU.ActiveCfg = Release|Any CPU
		{F7F896CE-EFD0-469E-9E66-8CCC38545710}.Release|Any CPU.Build.0 = Release|Any CPU
	EndGlobalSection
	GlobalSection(SolutionProperties) = preSolution
		HideSolutionNode = FALSE
	EndGlobalSection
	GlobalSection(ExtensibilityGlobals) = postSolution
		SolutionGuid = {11959315-F730-4DF4-998E-14D8556365FF}
	EndGlobalSection
EndGlobal
